
Microsoft Visual Studio Solution File, Format Version 12.00
# Visual Studio 15
Project("{FAE04EC0-301F-11D3-BF4B-00C04F79EFBC}") = "Labaa1", "Labaa1\Labaa1.csproj", "{DDF214D2-F7C8-484F-8D7D-DF5B0D16FB85}"
EndProject
Global
	GlobalSection(SolutionConfigurationPlatforms) = preSolution
		Debug|anycpu = Debug|anycpu
		Release|anycpu = Release|anycpu
	EndGlobalSection
	GlobalSection(ProjectConfigurationPlatforms) = postSolution
		{DDF214D2-F7C8-484F-8D7D-DF5B0D16FB85}.Debug|anycpu.ActiveCfg = Debug|anycpu
		{DDF214D2-F7C8-484F-8D7D-DF5B0D16FB85}.Debug|anycpu.Build.0 = Debug|anycpu
		{DDF214D2-F7C8-484F-8D7D-DF5B0D16FB85}.Release|anycpu.ActiveCfg = Release|anycpu
		{DDF214D2-F7C8-484F-8D7D-DF5B0D16FB85}.Release|anycpu.Build.0 = Release|anycpu
	EndGlobalSection
EndGlobal
