Microsoft Visual Studio Solution File, Format Version 12.00
# Visual Studio Version 16
VisualStudioVersion = 16.0.29509.3
MinimumVisualStudioVersion = 10.0.40219.1
Project("{FAE04EC0-301F-11D3-BF4B-00C04F79EFBC}") = "Labaa1", "Labaa1\Labaa1.csproj", "{DDF214D2-F7C8-484F-8D7D-DF5B0D16FB85}"
EndProject
Project("{FAE04EC0-301F-11D3-BF4B-00C04F79EFBC}") = "Labaa2", "Labaa2\Labaa2.csproj", "{47BB5B6B-8E9B-40ED-A018-8B5098E5ACED}"
EndProject
Project("{FAE04EC0-301F-11D3-BF4B-00C04F79EFBC}") = "Labaa3", "Labaa3\Labaa3.csproj", "{A2F379A3-4B47-4E81-8AEF-68471E27AA7E}"
EndProject
Project("{FAE04EC0-301F-11D3-BF4B-00C04F79EFBC}") = "Labaa4", "Labaa4\Labaa4.csproj", "{097AAFE2-28A6-45B4-BED5-78D86C0F8B11}"
EndProject
Project("{FAE04EC0-301F-11D3-BF4B-00C04F79EFBC}") = "Labaa5", "Labaa5\Labaa5.csproj", "{9002C55E-3668-43B2-AC0B-8AD02D47D2AD}"
EndProject
Project("{FAE04EC0-301F-11D3-BF4B-00C04F79EFBC}") = "Labaa6", "Labaa6\Labaa6.csproj", "{1E0FC7D8-4EEE-433E-B03E-A816D39C7DB9}"
EndProject
Project("{FAE04EC0-301F-11D3-BF4B-00C04F79EFBC}") = "Labaa6_v2", "Labaa6_v2\Labaa6_v2.csproj", "{A29807FC-9B76-42A0-A0D4-7009176FCF06}"
EndProject
Project("{FAE04EC0-301F-11D3-BF4B-00C04F79EFBC}") = "DZ", "DZ\DZ.csproj", "{D3E83380-11D5-4F78-B08D-B0A5DC47ECEF}"
EndProject
Project("{FAE04EC0-301F-11D3-BF4B-00C04F79EFBC}") = "Labaa5_library", "Labaa5_library\Labaa5_library.csproj", "{86BCF34B-1499-4FC2-B896-3719BEC4C646}"
EndProject
Global
	GlobalSection(SolutionConfigurationPlatforms) = preSolution
		Debug|anycpu = Debug|anycpu
		Release|anycpu = Release|anycpu
	EndGlobalSection
	GlobalSection(ProjectConfigurationPlatforms) = postSolution
		{DDF214D2-F7C8-484F-8D7D-DF5B0D16FB85}.Debug|anycpu.ActiveCfg = Debug|Any CPU
		{DDF214D2-F7C8-484F-8D7D-DF5B0D16FB85}.Debug|anycpu.Build.0 = Debug|Any CPU
		{DDF214D2-F7C8-484F-8D7D-DF5B0D16FB85}.Release|anycpu.ActiveCfg = Release|Any CPU
		{DDF214D2-F7C8-484F-8D7D-DF5B0D16FB85}.Release|anycpu.Build.0 = Release|Any CPU
		{47BB5B6B-8E9B-40ED-A018-8B5098E5ACED}.Debug|anycpu.ActiveCfg = Debug|Any CPU
		{47BB5B6B-8E9B-40ED-A018-8B5098E5ACED}.Debug|anycpu.Build.0 = Debug|Any CPU
		{47BB5B6B-8E9B-40ED-A018-8B5098E5ACED}.Release|anycpu.ActiveCfg = Release|Any CPU
		{47BB5B6B-8E9B-40ED-A018-8B5098E5ACED}.Release|anycpu.Build.0 = Release|Any CPU
		{A2F379A3-4B47-4E81-8AEF-68471E27AA7E}.Debug|anycpu.ActiveCfg = Debug|Any CPU
		{A2F379A3-4B47-4E81-8AEF-68471E27AA7E}.Debug|anycpu.Build.0 = Debug|Any CPU
		{A2F379A3-4B47-4E81-8AEF-68471E27AA7E}.Release|anycpu.ActiveCfg = Release|Any CPU
		{A2F379A3-4B47-4E81-8AEF-68471E27AA7E}.Release|anycpu.Build.0 = Release|Any CPU
		{097AAFE2-28A6-45B4-BED5-78D86C0F8B11}.Debug|anycpu.ActiveCfg = Debug|Any CPU
		{097AAFE2-28A6-45B4-BED5-78D86C0F8B11}.Debug|anycpu.Build.0 = Debug|Any CPU
		{097AAFE2-28A6-45B4-BED5-78D86C0F8B11}.Release|anycpu.ActiveCfg = Release|Any CPU
		{097AAFE2-28A6-45B4-BED5-78D86C0F8B11}.Release|anycpu.Build.0 = Release|Any CPU
		{9002C55E-3668-43B2-AC0B-8AD02D47D2AD}.Debug|anycpu.ActiveCfg = Debug|Any CPU
		{9002C55E-3668-43B2-AC0B-8AD02D47D2AD}.Debug|anycpu.Build.0 = Debug|Any CPU
		{9002C55E-3668-43B2-AC0B-8AD02D47D2AD}.Release|anycpu.ActiveCfg = Release|Any CPU
		{9002C55E-3668-43B2-AC0B-8AD02D47D2AD}.Release|anycpu.Build.0 = Release|Any CPU
		{1E0FC7D8-4EEE-433E-B03E-A816D39C7DB9}.Debug|anycpu.ActiveCfg = Debug|Any CPU
		{1E0FC7D8-4EEE-433E-B03E-A816D39C7DB9}.Debug|anycpu.Build.0 = Debug|Any CPU
		{1E0FC7D8-4EEE-433E-B03E-A816D39C7DB9}.Release|anycpu.ActiveCfg = Release|Any CPU
		{1E0FC7D8-4EEE-433E-B03E-A816D39C7DB9}.Release|anycpu.Build.0 = Release|Any CPU
		{A29807FC-9B76-42A0-A0D4-7009176FCF06}.Debug|anycpu.ActiveCfg = Debug|Any CPU
		{A29807FC-9B76-42A0-A0D4-7009176FCF06}.Debug|anycpu.Build.0 = Debug|Any CPU
		{A29807FC-9B76-42A0-A0D4-7009176FCF06}.Release|anycpu.ActiveCfg = Release|Any CPU
		{A29807FC-9B76-42A0-A0D4-7009176FCF06}.Release|anycpu.Build.0 = Release|Any CPU
		{D3E83380-11D5-4F78-B08D-B0A5DC47ECEF}.Debug|anycpu.ActiveCfg = Debug|Any CPU
		{D3E83380-11D5-4F78-B08D-B0A5DC47ECEF}.Debug|anycpu.Build.0 = Debug|Any CPU
		{D3E83380-11D5-4F78-B08D-B0A5DC47ECEF}.Release|anycpu.ActiveCfg = Release|Any CPU
		{D3E83380-11D5-4F78-B08D-B0A5DC47ECEF}.Release|anycpu.Build.0 = Release|Any CPU
		{86BCF34B-1499-4FC2-B896-3719BEC4C646}.Debug|anycpu.ActiveCfg = Debug|Any CPU
		{86BCF34B-1499-4FC2-B896-3719BEC4C646}.Debug|anycpu.Build.0 = Debug|Any CPU
		{86BCF34B-1499-4FC2-B896-3719BEC4C646}.Release|anycpu.ActiveCfg = Release|Any CPU
		{86BCF34B-1499-4FC2-B896-3719BEC4C646}.Release|anycpu.Build.0 = Release|Any CPU
	EndGlobalSection
	GlobalSection(SolutionProperties) = preSolution
		HideSolutionNode = FALSE
	EndGlobalSection
	GlobalSection(ExtensibilityGlobals) = postSolution
		SolutionGuid = {0C699A42-C76C-497A-BDB6-E6C903A1C583}
	EndGlobalSection
EndGlobal
