Microsoft Visual Studio Solution File, Format Version 12.00
# Visual Studio Version 16
VisualStudioVersion = 16.0.29509.3
MinimumVisualStudioVersion = 10.0.40219.1
Project("{FAE04EC0-301F-11D3-BF4B-00C04F79EFBC}") = "Labaa1", "Labaa1\Labaa1.csproj", "{DDF214D2-F7C8-484F-8D7D-DF5B0D16FB85}"
EndProject
Project("{FAE04EC0-301F-11D3-BF4B-00C04F79EFBC}") = "Labaa2", "Labaa2\Labaa2.csproj", "{47BB5B6B-8E9B-40ED-A018-8B5098E5ACED}"
EndProject
Project("{FAE04EC0-301F-11D3-BF4B-00C04F79EFBC}") = "Labaa3", "Labaa3\Labaa3.csproj", "{A2F379A3-4B47-4E81-8AEF-68471E27AA7E}"
EndProject
Global
	GlobalSection(SolutionConfigurationPlatforms) = preSolution
		Debug|anycpu = Debug|anycpu
		Release|anycpu = Release|anycpu
	EndGlobalSection
	GlobalSection(ProjectConfigurationPlatforms) = postSolution
		{DDF214D2-F7C8-484F-8D7D-DF5B0D16FB85}.Debug|anycpu.ActiveCfg = Debug|Any CPU
		{DDF214D2-F7C8-484F-8D7D-DF5B0D16FB85}.Debug|anycpu.Build.0 = Debug|Any CPU
		{DDF214D2-F7C8-484F-8D7D-DF5B0D16FB85}.Release|anycpu.ActiveCfg = Release|Any CPU
		{DDF214D2-F7C8-484F-8D7D-DF5B0D16FB85}.Release|anycpu.Build.0 = Release|Any CPU
		{47BB5B6B-8E9B-40ED-A018-8B5098E5ACED}.Debug|anycpu.ActiveCfg = Debug|Any CPU
		{47BB5B6B-8E9B-40ED-A018-8B5098E5ACED}.Debug|anycpu.Build.0 = Debug|Any CPU
		{47BB5B6B-8E9B-40ED-A018-8B5098E5ACED}.Release|anycpu.ActiveCfg = Release|Any CPU
		{47BB5B6B-8E9B-40ED-A018-8B5098E5ACED}.Release|anycpu.Build.0 = Release|Any CPU
		{A2F379A3-4B47-4E81-8AEF-68471E27AA7E}.Debug|anycpu.ActiveCfg = Debug|Any CPU
		{A2F379A3-4B47-4E81-8AEF-68471E27AA7E}.Debug|anycpu.Build.0 = Debug|Any CPU
		{A2F379A3-4B47-4E81-8AEF-68471E27AA7E}.Release|anycpu.ActiveCfg = Release|Any CPU
		{A2F379A3-4B47-4E81-8AEF-68471E27AA7E}.Release|anycpu.Build.0 = Release|Any CPU
	EndGlobalSection
	GlobalSection(SolutionProperties) = preSolution
		HideSolutionNode = FALSE
	EndGlobalSection
	GlobalSection(ExtensibilityGlobals) = postSolution
		SolutionGuid = {0C699A42-C76C-497A-BDB6-E6C903A1C583}
	EndGlobalSection
EndGlobal
