
Microsoft Visual Studio Solution File, Format Version 12.00
# Visual Studio 15
VisualStudioVersion = 15.0.28010.2016
MinimumVisualStudioVersion = 10.0.40219.1
Project("{FAE04EC0-301F-11D3-BF4B-00C04F79EFBC}") = "Lab6", "Lab6\Lab6.csproj", "{1E0FC7D8-4EEE-433E-B03E-A816D39C7DB9}"
EndProject
Global
	GlobalSection(SolutionConfigurationPlatforms) = preSolution
		Debug|Any CPU = Debug|Any CPU
		Release|Any CPU = Release|Any CPU
	EndGlobalSection
	GlobalSection(ProjectConfigurationPlatforms) = postSolution
		{1E0FC7D8-4EEE-433E-B03E-A816D39C7DB9}.Debug|Any CPU.ActiveCfg = Debug|Any CPU
		{1E0FC7D8-4EEE-433E-B03E-A816D39C7DB9}.Debug|Any CPU.Build.0 = Debug|Any CPU
		{1E0FC7D8-4EEE-433E-B03E-A816D39C7DB9}.Release|Any CPU.ActiveCfg = Release|Any CPU
		{1E0FC7D8-4EEE-433E-B03E-A816D39C7DB9}.Release|Any CPU.Build.0 = Release|Any CPU
	EndGlobalSection
	GlobalSection(SolutionProperties) = preSolution
		HideSolutionNode = FALSE
	EndGlobalSection
	GlobalSection(ExtensibilityGlobals) = postSolution
		SolutionGuid = {0F60A6CA-207B-4B93-AA8F-3454F4D17783}
	EndGlobalSection
EndGlobal
